dependencies:
- name: openebs-ndm
  repository: https://openebs.github.io/node-disk-manager
  version: 1.8.0
- name: localpv-provisioner
  repository: https://openebs.github.io/dynamic-localpv-provisioner
  version: 3.1.0
- name: cstor
  repository: https://openebs.github.io/cstor-operators
  version: 3.1.0
- name: jiva
  repository: https://openebs.github.io/jiva-operator
  version: 3.1.0
- name: zfs-localpv
  repository: https://openebs.github.io/zfs-localpv
  version: 2.0.0
- name: lvm-localpv
  repository: https://openebs.github.io/lvm-localpv
  version: 0.8.6
- name: nfs-provisioner
  repository: https://openebs.github.io/dynamic-nfs-provisioner
  version: 0.9.0
digest: sha256:5a11981917dc10ca921f604c5f13b99ff9e4efe0434cfc514430c01e3ad0d534
generated: "2022-01-17T09:16:13.342117292Z"
