{
  "requires": true,
  "lockfileVersion": 1,
  "dependencies": {
    "async-limiter": {
      "version": "1.0.1",
      "resolved": "https://registry.npmjs.org/async-limiter/-/async-limiter-1.0.1.tgz",
      "integrity": "sha512-csOlWGAcRFJaI6m+F2WKdnMKr4HhdhFVBk0H/QbJFMCr+uO2kwohwXQPxw/9OCxp05r5ghVBFSyioixx3gfkNQ=="
    },
    "ws": {
      "version": "7.3.1",
      "resolved": "https://registry.npm.taobao.org/ws/download/ws-7.3.1.tgz",
      "integrity": "sha1-0FR79n985PEqct/jEmLGjX3FUcg="
    }
  }
}
