{
    "name": "com.platform",
    "version": "1.0.0",
    "lockfileVersion": 1,
    "requires": true,
    "dependencies": {
        "android-versions": {
            "version": "1.5.0",
            "resolved": "https://registry.npmjs.org/android-versions/-/android-versions-1.5.0.tgz",
            "integrity": "sha512-/GWUAqa2OJNlDF5VGSe3SR1QMHEPXxx54Ur56r0qQC0H9FlBr7kyBF2SgVEhzFCPbrW4UcYgVuWrq/2Ty3QvXg==",
            "requires": {
                "semver": "^5.4.1"
            }
        },
        "cordova-android": {
            "version": "6.3.0",
            "resolved": "https://registry.npmjs.org/cordova-android/-/cordova-android-6.3.0.tgz",
            "integrity": "sha1-2lQYQz0lx1pZd7QoJEu+Q30BKNI=",
            "requires": {
                "android-versions": "^1.2.0",
                "cordova-common": "^2.1.0",
                "elementtree": "0.1.6",
                "nopt": "^3.0.1",
                "properties-parser": "^0.2.3",
                "q": "^1.4.1",
                "shelljs": "^0.5.3"
            },
            "dependencies": {
                "abbrev": {
                    "version": "1.1.0",
                    "bundled": true
                },
                "ansi": {
                    "version": "0.3.1",
                    "bundled": true
                },
                "balanced-match": {
                    "version": "1.0.0",
                    "bundled": true
                },
                "base64-js": {
                    "version": "0.0.8",
                    "bundled": true
                },
                "big-integer": {
                    "version": "1.6.25",
                    "bundled": true
                },
                "bplist-parser": {
                    "version": "0.1.1",
                    "bundled": true,
                    "requires": {
                        "big-integer": "^1.6.7"
                    }
                },
                "brace-expansion": {
                    "version": "1.1.8",
                    "bundled": true,
                    "requires": {
                        "balanced-match": "^1.0.0",
                        "concat-map": "0.0.1"
                    }
                },
                "concat-map": {
                    "version": "0.0.1",
                    "bundled": true
                },
                "cordova-common": {
                    "version": "2.1.0",
                    "bundled": true,
                    "requires": {
                        "ansi": "^0.3.1",
                        "bplist-parser": "^0.1.0",
                        "cordova-registry-mapper": "^1.1.8",
                        "elementtree": "0.1.6",
                        "glob": "^5.0.13",
                        "minimatch": "^3.0.0",
                        "osenv": "^0.1.3",
                        "plist": "^1.2.0",
                        "q": "^1.4.1",
                        "semver": "^5.0.1",
                        "shelljs": "^0.5.3",
                        "underscore": "^1.8.3",
                        "unorm": "^1.3.3"
                    }
                },
                "cordova-registry-mapper": {
                    "version": "1.1.15",
                    "bundled": true
                },
                "elementtree": {
                    "version": "0.1.6",
                    "bundled": true,
                    "requires": {
                        "sax": "0.3.5"
                    }
                },
                "glob": {
                    "version": "5.0.15",
                    "bundled": true,
                    "requires": {
                        "inflight": "^1.0.4",
                        "inherits": "2",
                        "minimatch": "2 || 3",
                        "once": "^1.3.0",
                        "path-is-absolute": "^1.0.0"
                    }
                },
                "inflight": {
                    "version": "1.0.6",
                    "bundled": true,
                    "requires": {
                        "once": "^1.3.0",
                        "wrappy": "1"
                    }
                },
                "inherits": {
                    "version": "2.0.3",
                    "bundled": true
                },
                "lodash": {
                    "version": "3.10.1",
                    "bundled": true
                },
                "minimatch": {
                    "version": "3.0.4",
                    "bundled": true,
                    "requires": {
                        "brace-expansion": "^1.1.7"
                    }
                },
                "nopt": {
                    "version": "3.0.6",
                    "bundled": true,
                    "requires": {
                        "abbrev": "1"
                    }
                },
                "once": {
                    "version": "1.4.0",
                    "bundled": true,
                    "requires": {
                        "wrappy": "1"
                    }
                },
                "os-homedir": {
                    "version": "1.0.2",
                    "bundled": true
                },
                "os-tmpdir": {
                    "version": "1.0.2",
                    "bundled": true
                },
                "osenv": {
                    "version": "0.1.4",
                    "bundled": true,
                    "requires": {
                        "os-homedir": "^1.0.0",
                        "os-tmpdir": "^1.0.0"
                    }
                },
                "path-is-absolute": {
                    "version": "1.0.1",
                    "bundled": true
                },
                "plist": {
                    "version": "1.2.0",
                    "bundled": true,
                    "requires": {
                        "base64-js": "0.0.8",
                        "util-deprecate": "1.0.2",
                        "xmlbuilder": "4.0.0",
                        "xmldom": "0.1.x"
                    }
                },
                "properties-parser": {
                    "version": "0.2.3",
                    "bundled": true
                },
                "q": {
                    "version": "1.5.0",
                    "bundled": true
                },
                "sax": {
                    "version": "0.3.5",
                    "bundled": true
                },
                "semver": {
                    "version": "5.4.1",
                    "bundled": true
                },
                "shelljs": {
                    "version": "0.5.3",
                    "bundled": true
                },
                "underscore": {
                    "version": "1.8.3",
                    "bundled": true
                },
                "unorm": {
                    "version": "1.4.1",
                    "bundled": true
                },
                "util-deprecate": {
                    "version": "1.0.2",
                    "bundled": true
                },
                "wrappy": {
                    "version": "1.0.2",
                    "bundled": true
                },
                "xmlbuilder": {
                    "version": "4.0.0",
                    "bundled": true,
                    "requires": {
                        "lodash": "^3.5.0"
                    }
                },
                "xmldom": {
                    "version": "0.1.27",
                    "bundled": true
                }
            }
        },
        "cordova-plugin-whitelist": {
            "version": "1.3.4",
            "resolved": "https://registry.npmjs.org/cordova-plugin-whitelist/-/cordova-plugin-whitelist-1.3.4.tgz",
            "integrity": "sha512-EYC5eQFVkoYXq39l7tYKE6lEjHJ04mvTmKXxGL7quHLdFPfJMNzru/UYpn92AOfpl3PQaZmou78C7EgmFOwFQQ==",
            "dev": true
        },
        "semver": {
            "version": "5.7.1",
            "resolved": "https://registry.npmjs.org/semver/-/semver-5.7.1.tgz",
            "integrity": "sha512-sauaDf/PZdVgrLTNYHRtpXa1iRiKcaebiKQ1BJdpQlWH2lCvexQdX55snPFyK7QzpudqbCI0qXFfOasHdyNDGQ=="
        }
    }
}
