# THIS IS AN AUTOGENERATED FILE. DO NOT EDIT THIS FILE DIRECTLY.
# yarn lockfile v1


bl@^2.2.0:
  version "2.2.0"
  resolved "https://registry.npm.taobao.org/bl/download/bl-2.2.0.tgz?cache=0&sync_timestamp=1568859135081&other_urls=https%3A%2F%2Fregistry.npm.taobao.org%2Fbl%2Fdownload%2Fbl-2.2.0.tgz#e1a574cdf528e4053019bb800b041c0ac88da493"
  integrity sha1-4aV0zfUo5AUwGbuACwQcCsiNpJM=
  dependencies:
    readable-stream "^2.3.5"
    safe-buffer "^5.1.1"

bson@^1.1.1:
  version "1.1.3"
  resolved "https://registry.npm.taobao.org/bson/download/bson-1.1.3.tgz?cache=0&other_urls=https%3A%2F%2Fregistry.npm.taobao.org%2Fbson%2Fdownload%2Fbson-1.1.3.tgz#aa82cb91f9a453aaa060d6209d0675114a8154d3"
  integrity sha1-qoLLkfmkU6qgYNYgnQZ1EUqBVNM=

core-util-is@~1.0.0:
  version "1.0.2"
  resolved "https://registry.npm.taobao.org/core-util-is/download/core-util-is-1.0.2.tgz#b5fd54220aa2bc5ab57aab7140c940754503c1a7"
  integrity sha1-tf1UIgqivFq1eqtxQMlAdUUDwac=

denque@^1.4.1:
  version "1.4.1"
  resolved "https://registry.npm.taobao.org/denque/download/denque-1.4.1.tgz#6744ff7641c148c3f8a69c307e51235c1f4a37cf"
  integrity sha1-Z0T/dkHBSMP4ppwwflEjXB9KN88=

inherits@~2.0.3:
  version "2.0.4"
  resolved "https://registry.npm.taobao.org/inherits/download/inherits-2.0.4.tgz#0fa2c64f932917c3433a0ded55363aae37416b7c"
  integrity sha1-D6LGT5MpF8NDOg3tVTY6rjdBa3w=

isarray@~1.0.0:
  version "1.0.0"
  resolved "https://registry.npm.taobao.org/isarray/download/isarray-1.0.0.tgz?cache=0&sync_timestamp=1562592096220&other_urls=https%3A%2F%2Fregistry.npm.taobao.org%2Fisarray%2Fdownload%2Fisarray-1.0.0.tgz#bb935d48582cba168c06834957a54a3e07124f11"
  integrity sha1-u5NdSFgsuhaMBoNJV6VKPgcSTxE=

memory-pager@^1.0.2:
  version "1.5.0"
  resolved "https://registry.npm.taobao.org/memory-pager/download/memory-pager-1.5.0.tgz#d8751655d22d384682741c972f2c3d6dfa3e66b5"
  integrity sha1-2HUWVdItOEaCdByXLyw9bfo+ZrU=

mongodb@^3.5.2:
  version "3.5.2"
  resolved "https://registry.npm.taobao.org/mongodb/download/mongodb-3.5.2.tgz#83b8bcb3d96b666a10eeca2f9c7ad1db056ae291"
  integrity sha1-g7i8s9lrZmoQ7sovnHrR2wVq4pE=
  dependencies:
    bl "^2.2.0"
    bson "^1.1.1"
    denque "^1.4.1"
    require_optional "^1.0.1"
    safe-buffer "^5.1.2"
  optionalDependencies:
    saslprep "^1.0.0"

process-nextick-args@~2.0.0:
  version "2.0.1"
  resolved "https://registry.npm.taobao.org/process-nextick-args/download/process-nextick-args-2.0.1.tgz#7820d9b16120cc55ca9ae7792680ae7dba6d7fe2"
  integrity sha1-eCDZsWEgzFXKmud5JoCufbptf+I=

readable-stream@^2.3.5:
  version "2.3.7"
  resolved "https://registry.npm.taobao.org/readable-stream/download/readable-stream-2.3.7.tgz#1eca1cf711aef814c04f62252a36a62f6cb23b57"
  integrity sha1-Hsoc9xGu+BTAT2IlKjamL2yyO1c=
  dependencies:
    core-util-is "~1.0.0"
    inherits "~2.0.3"
    isarray "~1.0.0"
    process-nextick-args "~2.0.0"
    safe-buffer "~5.1.1"
    string_decoder "~1.1.1"
    util-deprecate "~1.0.1"

require_optional@^1.0.1:
  version "1.0.1"
  resolved "https://registry.npm.taobao.org/require_optional/download/require_optional-1.0.1.tgz#4cf35a4247f64ca3df8c2ef208cc494b1ca8fc2e"
  integrity sha1-TPNaQkf2TKPfjC7yCMxJSxyo/C4=
  dependencies:
    resolve-from "^2.0.0"
    semver "^5.1.0"

resolve-from@^2.0.0:
  version "2.0.0"
  resolved "https://registry.npm.taobao.org/resolve-from/download/resolve-from-2.0.0.tgz#9480ab20e94ffa1d9e80a804c7ea147611966b57"
  integrity sha1-lICrIOlP+h2egKgEx+oUdhGWa1c=

safe-buffer@^5.1.1, safe-buffer@^5.1.2:
  version "5.2.0"
  resolved "https://registry.npm.taobao.org/safe-buffer/download/safe-buffer-5.2.0.tgz#b74daec49b1148f88c64b68d49b1e815c1f2f519"
  integrity sha1-t02uxJsRSPiMZLaNSbHoFcHy9Rk=

safe-buffer@~5.1.0, safe-buffer@~5.1.1:
  version "5.1.2"
  resolved "https://registry.npm.taobao.org/safe-buffer/download/safe-buffer-5.1.2.tgz#991ec69d296e0313747d59bdfd2b745c35f8828d"
  integrity sha1-mR7GnSluAxN0fVm9/St0XDX4go0=

saslprep@^1.0.0:
  version "1.0.3"
  resolved "https://registry.npm.taobao.org/saslprep/download/saslprep-1.0.3.tgz#4c02f946b56cf54297e347ba1093e7acac4cf226"
  integrity sha1-TAL5RrVs9UKX40e6EJPnrKxM8iY=
  dependencies:
    sparse-bitfield "^3.0.3"

semver@^5.1.0:
  version "5.7.1"
  resolved "https://registry.npm.taobao.org/semver/download/semver-5.7.1.tgz?cache=0&sync_timestamp=1580434257623&other_urls=https%3A%2F%2Fregistry.npm.taobao.org%2Fsemver%2Fdownload%2Fsemver-5.7.1.tgz#a954f931aeba508d307bbf069eff0c01c96116f7"
  integrity sha1-qVT5Ma66UI0we78Gnv8MAclhFvc=

sparse-bitfield@^3.0.3:
  version "3.0.3"
  resolved "https://registry.npm.taobao.org/sparse-bitfield/download/sparse-bitfield-3.0.3.tgz#ff4ae6e68656056ba4b3e792ab3334d38273ca11"
  integrity sha1-/0rm5oZWBWuks+eSqzM004JzyhE=
  dependencies:
    memory-pager "^1.0.2"

string_decoder@~1.1.1:
  version "1.1.1"
  resolved "https://registry.npm.taobao.org/string_decoder/download/string_decoder-1.1.1.tgz?cache=0&sync_timestamp=1565170823020&other_urls=https%3A%2F%2Fregistry.npm.taobao.org%2Fstring_decoder%2Fdownload%2Fstring_decoder-1.1.1.tgz#9cf1611ba62685d7030ae9e4ba34149c3af03fc8"
  integrity sha1-nPFhG6YmhdcDCunkujQUnDrwP8g=
  dependencies:
    safe-buffer "~5.1.0"

util-deprecate@~1.0.1:
  version "1.0.2"
  resolved "https://registry.npm.taobao.org/util-deprecate/download/util-deprecate-1.0.2.tgz#450d4dc9fa70de732762fbd2d4a28981419a0ccf"
  integrity sha1-RQ1Nyfpw3nMnYvvS1KKJgUGaDM8=
